
Microsoft Visual Studio Solution File, Format Version 12.00
# Visual Studio 15
VisualStudioVersion = 15.0.28307.572
MinimumVisualStudioVersion = 10.0.40219.1
Project("{FAE04EC0-301F-11D3-BF4B-00C04F79EFBC}") = "EX11While_11,3", "EX11While_11,3\EX11While_11,3.csproj", "{DEE13E7C-71FF-44C0-9A46-173538B6A572}"
EndProject
Global
	GlobalSection(SolutionConfigurationPlatforms) = preSolution
		Debug|Any CPU = Debug|Any CPU
		Release|Any CPU = Release|Any CPU
	EndGlobalSection
	GlobalSection(ProjectConfigurationPlatforms) = postSolution
		{DEE13E7C-71FF-44C0-9A46-173538B6A572}.Debug|Any CPU.ActiveCfg = Debug|Any CPU
		{DEE13E7C-71FF-44C0-9A46-173538B6A572}.Debug|Any CPU.Build.0 = Debug|Any CPU
		{DEE13E7C-71FF-44C0-9A46-173538B6A572}.Release|Any CPU.ActiveCfg = Release|Any CPU
		{DEE13E7C-71FF-44C0-9A46-173538B6A572}.Release|Any CPU.Build.0 = Release|Any CPU
	EndGlobalSection
	GlobalSection(SolutionProperties) = preSolution
		HideSolutionNode = FALSE
	EndGlobalSection
	GlobalSection(ExtensibilityGlobals) = postSolution
		SolutionGuid = {ADA1F976-244A-4F7D-8119-C899EC9FA40C}
	EndGlobalSection
EndGlobal
