
Microsoft Visual Studio Solution File, Format Version 12.00
# Visual Studio 15
VisualStudioVersion = 15.0.28307.572
MinimumVisualStudioVersion = 10.0.40219.1
Project("{FAE04EC0-301F-11D3-BF4B-00C04F79EFBC}") = "EX12ForLoop_12.4-EkstraOpgave", "EX12ForLoop_12.4-EkstraOpgave\EX12ForLoop_12.4-EkstraOpgave.csproj", "{0282C091-8B3E-43D5-8A8F-1ACFA12F2266}"
EndProject
Global
	GlobalSection(SolutionConfigurationPlatforms) = preSolution
		Debug|Any CPU = Debug|Any CPU
		Release|Any CPU = Release|Any CPU
	EndGlobalSection
	GlobalSection(ProjectConfigurationPlatforms) = postSolution
		{0282C091-8B3E-43D5-8A8F-1ACFA12F2266}.Debug|Any CPU.ActiveCfg = Debug|Any CPU
		{0282C091-8B3E-43D5-8A8F-1ACFA12F2266}.Debug|Any CPU.Build.0 = Debug|Any CPU
		{0282C091-8B3E-43D5-8A8F-1ACFA12F2266}.Release|Any CPU.ActiveCfg = Release|Any CPU
		{0282C091-8B3E-43D5-8A8F-1ACFA12F2266}.Release|Any CPU.Build.0 = Release|Any CPU
	EndGlobalSection
	GlobalSection(SolutionProperties) = preSolution
		HideSolutionNode = FALSE
	EndGlobalSection
	GlobalSection(ExtensibilityGlobals) = postSolution
		SolutionGuid = {7B8B6991-786C-4087-B5EC-1DD9EFCC9265}
	EndGlobalSection
EndGlobal
