
Microsoft Visual Studio Solution File, Format Version 12.00
# Visual Studio 15
VisualStudioVersion = 15.0.28307.572
MinimumVisualStudioVersion = 10.0.40219.1
Project("{FAE04EC0-301F-11D3-BF4B-00C04F79EFBC}") = "EX06Selection", "EX06Selection\EX06Selection.csproj", "{2DE51F23-DC38-4331-9FEC-95843C4E6A2B}"
EndProject
Project("{FAE04EC0-301F-11D3-BF4B-00C04F79EFBC}") = "EX06Selection_02", "EX06Selection_02\EX06Selection_02.csproj", "{F69F2825-E584-4103-A684-FE257C4AA269}"
EndProject
Global
	GlobalSection(SolutionConfigurationPlatforms) = preSolution
		Debug|Any CPU = Debug|Any CPU
		Release|Any CPU = Release|Any CPU
	EndGlobalSection
	GlobalSection(ProjectConfigurationPlatforms) = postSolution
		{2DE51F23-DC38-4331-9FEC-95843C4E6A2B}.Debug|Any CPU.ActiveCfg = Debug|Any CPU
		{2DE51F23-DC38-4331-9FEC-95843C4E6A2B}.Debug|Any CPU.Build.0 = Debug|Any CPU
		{2DE51F23-DC38-4331-9FEC-95843C4E6A2B}.Release|Any CPU.ActiveCfg = Release|Any CPU
		{2DE51F23-DC38-4331-9FEC-95843C4E6A2B}.Release|Any CPU.Build.0 = Release|Any CPU
		{F69F2825-E584-4103-A684-FE257C4AA269}.Debug|Any CPU.ActiveCfg = Debug|Any CPU
		{F69F2825-E584-4103-A684-FE257C4AA269}.Debug|Any CPU.Build.0 = Debug|Any CPU
		{F69F2825-E584-4103-A684-FE257C4AA269}.Release|Any CPU.ActiveCfg = Release|Any CPU
		{F69F2825-E584-4103-A684-FE257C4AA269}.Release|Any CPU.Build.0 = Release|Any CPU
	EndGlobalSection
	GlobalSection(SolutionProperties) = preSolution
		HideSolutionNode = FALSE
	EndGlobalSection
	GlobalSection(ExtensibilityGlobals) = postSolution
		SolutionGuid = {9C936299-4FDE-454C-8790-D3A7026F9E80}
	EndGlobalSection
EndGlobal
