
Microsoft Visual Studio Solution File, Format Version 12.00
# Visual Studio 15
VisualStudioVersion = 15.0.28307.572
MinimumVisualStudioVersion = 10.0.40219.1
Project("{FAE04EC0-301F-11D3-BF4B-00C04F79EFBC}") = "MadsNielsenKjerumgaardS1.HelloWorldWideWeb", "MadsNielsenKjerumgaardS1\MadsNielsenKjerumgaardS1.HelloWorldWideWeb.csproj", "{3F90A809-851D-4348-AD41-F2E9880EA928}"
EndProject
Project("{FAE04EC0-301F-11D3-BF4B-00C04F79EFBC}") = "MadsNielsenKjerumgaardS1.WebWithCats", "MadsNielsenKjerumgaardS1.WebWithCats\MadsNielsenKjerumgaardS1.WebWithCats.csproj", "{0CC826AA-8BE9-42A1-91CC-8A503BA4BAC6}"
EndProject
Global
	GlobalSection(SolutionConfigurationPlatforms) = preSolution
		Debug|Any CPU = Debug|Any CPU
		Release|Any CPU = Release|Any CPU
	EndGlobalSection
	GlobalSection(ProjectConfigurationPlatforms) = postSolution
		{3F90A809-851D-4348-AD41-F2E9880EA928}.Debug|Any CPU.ActiveCfg = Debug|Any CPU
		{3F90A809-851D-4348-AD41-F2E9880EA928}.Debug|Any CPU.Build.0 = Debug|Any CPU
		{3F90A809-851D-4348-AD41-F2E9880EA928}.Release|Any CPU.ActiveCfg = Release|Any CPU
		{3F90A809-851D-4348-AD41-F2E9880EA928}.Release|Any CPU.Build.0 = Release|Any CPU
		{0CC826AA-8BE9-42A1-91CC-8A503BA4BAC6}.Debug|Any CPU.ActiveCfg = Debug|Any CPU
		{0CC826AA-8BE9-42A1-91CC-8A503BA4BAC6}.Debug|Any CPU.Build.0 = Debug|Any CPU
		{0CC826AA-8BE9-42A1-91CC-8A503BA4BAC6}.Release|Any CPU.ActiveCfg = Release|Any CPU
		{0CC826AA-8BE9-42A1-91CC-8A503BA4BAC6}.Release|Any CPU.Build.0 = Release|Any CPU
	EndGlobalSection
	GlobalSection(SolutionProperties) = preSolution
		HideSolutionNode = FALSE
	EndGlobalSection
	GlobalSection(ExtensibilityGlobals) = postSolution
		SolutionGuid = {076076E5-007E-49C1-A584-DD257FDA1745}
	EndGlobalSection
EndGlobal
