
Microsoft Visual Studio Solution File, Format Version 12.00
# Visual Studio 15
VisualStudioVersion = 15.0.28307.572
MinimumVisualStudioVersion = 10.0.40219.1
Project("{FAE04EC0-301F-11D3-BF4B-00C04F79EFBC}") = "EX19StreamReader_19.2", "EX19StreamReader_19.2\EX19StreamReader_19.2.csproj", "{EA7FCE59-EBF0-4216-8B85-2A7FA20A775F}"
EndProject
Global
	GlobalSection(SolutionConfigurationPlatforms) = preSolution
		Debug|Any CPU = Debug|Any CPU
		Release|Any CPU = Release|Any CPU
	EndGlobalSection
	GlobalSection(ProjectConfigurationPlatforms) = postSolution
		{EA7FCE59-EBF0-4216-8B85-2A7FA20A775F}.Debug|Any CPU.ActiveCfg = Debug|Any CPU
		{EA7FCE59-EBF0-4216-8B85-2A7FA20A775F}.Debug|Any CPU.Build.0 = Debug|Any CPU
		{EA7FCE59-EBF0-4216-8B85-2A7FA20A775F}.Release|Any CPU.ActiveCfg = Release|Any CPU
		{EA7FCE59-EBF0-4216-8B85-2A7FA20A775F}.Release|Any CPU.Build.0 = Release|Any CPU
	EndGlobalSection
	GlobalSection(SolutionProperties) = preSolution
		HideSolutionNode = FALSE
	EndGlobalSection
	GlobalSection(ExtensibilityGlobals) = postSolution
		SolutionGuid = {DD131816-A5D8-40EC-AE11-C24581570D33}
	EndGlobalSection
EndGlobal
