
Microsoft Visual Studio Solution File, Format Version 12.00
# Visual Studio 15
VisualStudioVersion = 15.0.28307.572
MinimumVisualStudioVersion = 10.0.40219.1
Project("{FAE04EC0-301F-11D3-BF4B-00C04F79EFBC}") = "EX04ReadLine", "EX04ReadLine\EX04ReadLine.csproj", "{5F99C208-B19F-4DE0-A49E-74FD8B2C73AD}"
EndProject
Global
	GlobalSection(SolutionConfigurationPlatforms) = preSolution
		Debug|Any CPU = Debug|Any CPU
		Release|Any CPU = Release|Any CPU
	EndGlobalSection
	GlobalSection(ProjectConfigurationPlatforms) = postSolution
		{5F99C208-B19F-4DE0-A49E-74FD8B2C73AD}.Debug|Any CPU.ActiveCfg = Debug|Any CPU
		{5F99C208-B19F-4DE0-A49E-74FD8B2C73AD}.Debug|Any CPU.Build.0 = Debug|Any CPU
		{5F99C208-B19F-4DE0-A49E-74FD8B2C73AD}.Release|Any CPU.ActiveCfg = Release|Any CPU
		{5F99C208-B19F-4DE0-A49E-74FD8B2C73AD}.Release|Any CPU.Build.0 = Release|Any CPU
	EndGlobalSection
	GlobalSection(SolutionProperties) = preSolution
		HideSolutionNode = FALSE
	EndGlobalSection
	GlobalSection(ExtensibilityGlobals) = postSolution
		SolutionGuid = {CC0BEE10-97EF-41A4-923F-6AD431DFBD3B}
	EndGlobalSection
EndGlobal
