
Microsoft Visual Studio Solution File, Format Version 12.00
# Visual Studio 15
VisualStudioVersion = 15.0.28307.572
MinimumVisualStudioVersion = 10.0.40219.1
Project("{FAE04EC0-301F-11D3-BF4B-00C04F79EFBC}") = "EX13Arrays_ 13.3", "EX13Arrays_ 13.3\EX13Arrays_ 13.3.csproj", "{6EAE7308-70DA-42B2-A036-7A2167C5967B}"
EndProject
Global
	GlobalSection(SolutionConfigurationPlatforms) = preSolution
		Debug|Any CPU = Debug|Any CPU
		Release|Any CPU = Release|Any CPU
	EndGlobalSection
	GlobalSection(ProjectConfigurationPlatforms) = postSolution
		{6EAE7308-70DA-42B2-A036-7A2167C5967B}.Debug|Any CPU.ActiveCfg = Debug|Any CPU
		{6EAE7308-70DA-42B2-A036-7A2167C5967B}.Debug|Any CPU.Build.0 = Debug|Any CPU
		{6EAE7308-70DA-42B2-A036-7A2167C5967B}.Release|Any CPU.ActiveCfg = Release|Any CPU
		{6EAE7308-70DA-42B2-A036-7A2167C5967B}.Release|Any CPU.Build.0 = Release|Any CPU
	EndGlobalSection
	GlobalSection(SolutionProperties) = preSolution
		HideSolutionNode = FALSE
	EndGlobalSection
	GlobalSection(ExtensibilityGlobals) = postSolution
		SolutionGuid = {745B97C1-626E-4EB4-BC4B-8BE8378482DD}
	EndGlobalSection
EndGlobal
