
Microsoft Visual Studio Solution File, Format Version 12.00
# Visual Studio 15
VisualStudioVersion = 15.0.28307.572
MinimumVisualStudioVersion = 10.0.40219.1
Project("{FAE04EC0-301F-11D3-BF4B-00C04F79EFBC}") = "MatematikSpil", "MatematikSpil\MatematikSpil.csproj", "{EE9DB64A-9C84-45CC-86A7-44BB503EA19F}"
EndProject
Global
	GlobalSection(SolutionConfigurationPlatforms) = preSolution
		Debug|Any CPU = Debug|Any CPU
		Release|Any CPU = Release|Any CPU
	EndGlobalSection
	GlobalSection(ProjectConfigurationPlatforms) = postSolution
		{EE9DB64A-9C84-45CC-86A7-44BB503EA19F}.Debug|Any CPU.ActiveCfg = Debug|Any CPU
		{EE9DB64A-9C84-45CC-86A7-44BB503EA19F}.Debug|Any CPU.Build.0 = Debug|Any CPU
		{EE9DB64A-9C84-45CC-86A7-44BB503EA19F}.Release|Any CPU.ActiveCfg = Release|Any CPU
		{EE9DB64A-9C84-45CC-86A7-44BB503EA19F}.Release|Any CPU.Build.0 = Release|Any CPU
	EndGlobalSection
	GlobalSection(SolutionProperties) = preSolution
		HideSolutionNode = FALSE
	EndGlobalSection
	GlobalSection(ExtensibilityGlobals) = postSolution
		SolutionGuid = {7E0E5240-2A21-4CEE-A701-6A4390EF328D}
	EndGlobalSection
EndGlobal
