
Microsoft Visual Studio Solution File, Format Version 12.00
# Visual Studio 15
VisualStudioVersion = 15.0.28307.572
MinimumVisualStudioVersion = 10.0.40219.1
Project("{FAE04EC0-301F-11D3-BF4B-00C04F79EFBC}") = "EX01HelloWorld", "EX01HelloWorld\EX01HelloWorld.csproj", "{7B073B39-B923-4111-8FE6-E5CBC4F4F95E}"
EndProject
Global
	GlobalSection(SolutionConfigurationPlatforms) = preSolution
		Debug|Any CPU = Debug|Any CPU
		Release|Any CPU = Release|Any CPU
	EndGlobalSection
	GlobalSection(ProjectConfigurationPlatforms) = postSolution
		{7B073B39-B923-4111-8FE6-E5CBC4F4F95E}.Debug|Any CPU.ActiveCfg = Debug|Any CPU
		{7B073B39-B923-4111-8FE6-E5CBC4F4F95E}.Debug|Any CPU.Build.0 = Debug|Any CPU
		{7B073B39-B923-4111-8FE6-E5CBC4F4F95E}.Release|Any CPU.ActiveCfg = Release|Any CPU
		{7B073B39-B923-4111-8FE6-E5CBC4F4F95E}.Release|Any CPU.Build.0 = Release|Any CPU
	EndGlobalSection
	GlobalSection(SolutionProperties) = preSolution
		HideSolutionNode = FALSE
	EndGlobalSection
	GlobalSection(ExtensibilityGlobals) = postSolution
		SolutionGuid = {1CB55BB7-0AF5-49CC-BC1F-AC06A0260971}
	EndGlobalSection
EndGlobal
