
Microsoft Visual Studio Solution File, Format Version 12.00
# Visual Studio 15
VisualStudioVersion = 15.0.28307.572
MinimumVisualStudioVersion = 10.0.40219.1
Project("{FAE04EC0-301F-11D3-BF4B-00C04F79EFBC}") = "EX17SimpleClasses", "EX17SimpleClasses\EX17SimpleClasses.csproj", "{5F4A1577-CB90-4FEC-A02D-BE154EA6D5AB}"
EndProject
Global
	GlobalSection(SolutionConfigurationPlatforms) = preSolution
		Debug|Any CPU = Debug|Any CPU
		Release|Any CPU = Release|Any CPU
	EndGlobalSection
	GlobalSection(ProjectConfigurationPlatforms) = postSolution
		{5F4A1577-CB90-4FEC-A02D-BE154EA6D5AB}.Debug|Any CPU.ActiveCfg = Debug|Any CPU
		{5F4A1577-CB90-4FEC-A02D-BE154EA6D5AB}.Debug|Any CPU.Build.0 = Debug|Any CPU
		{5F4A1577-CB90-4FEC-A02D-BE154EA6D5AB}.Release|Any CPU.ActiveCfg = Release|Any CPU
		{5F4A1577-CB90-4FEC-A02D-BE154EA6D5AB}.Release|Any CPU.Build.0 = Release|Any CPU
	EndGlobalSection
	GlobalSection(SolutionProperties) = preSolution
		HideSolutionNode = FALSE
	EndGlobalSection
	GlobalSection(ExtensibilityGlobals) = postSolution
		SolutionGuid = {640ED9D1-BD5F-402C-B6C4-F4ACB0A80083}
	EndGlobalSection
EndGlobal
